
Microsoft Visual Studio Solution File, Format Version 12.00
# Visual Studio 14
VisualStudioVersion = 14.0.25420.1
MinimumVisualStudioVersion = 10.0.40219.1
Project("{FAE04EC0-301F-11D3-BF4B-00C04F79EFBC}") = "dnd5.Android", "dnd5\dnd5.Android\dnd5.Android.csproj", "{540D0242-DF75-4687-8DEE-DD9D44911B7C}"
EndProject
Project("{FAE04EC0-301F-11D3-BF4B-00C04F79EFBC}") = "dnd5", "dnd5\dnd5\dnd5.csproj", "{041D4BF4-041E-4A50-ADB5-2B8686959000}"
EndProject
Project("{FAE04EC0-301F-11D3-BF4B-00C04F79EFBC}") = "dnd5.UWP", "dnd5\dnd5.UWP\dnd5.UWP.csproj", "{F55A5414-F0FA-454D-8325-78E2F18F00FD}"
EndProject
Project("{FAE04EC0-301F-11D3-BF4B-00C04F79EFBC}") = "dnd5.iOS", "dnd5\dnd5.iOS\dnd5.iOS.csproj", "{AF2DC996-74ED-42D9-B5CE-5915975DBC77}"
EndProject
Project("{FAE04EC0-301F-11D3-BF4B-00C04F79EFBC}") = "CharacterBase", "CharacterBase\CharacterBase.csproj", "{67F9D3A8-F71E-4428-913F-C37AE82CDB24}"
EndProject
Project("{FAE04EC0-301F-11D3-BF4B-00C04F79EFBC}") = "JsonGenerator", "JsonGenerator\JsonGenerator.csproj", "{1F429535-8ECD-41DA-88B0-CC65D30AE009}"
EndProject
Project("{FAE04EC0-301F-11D3-BF4B-00C04F79EFBC}") = "Libraries", "Libraries\Libraries.csproj", "{CAF66375-FF4B-42E7-8125-9A31092C20D3}"
EndProject
Global
	GlobalSection(SolutionConfigurationPlatforms) = preSolution
		Ad-Hoc|Any CPU = Ad-Hoc|Any CPU
		Ad-Hoc|ARM = Ad-Hoc|ARM
		Ad-Hoc|iPhone = Ad-Hoc|iPhone
		Ad-Hoc|iPhoneSimulator = Ad-Hoc|iPhoneSimulator
		Ad-Hoc|x64 = Ad-Hoc|x64
		Ad-Hoc|x86 = Ad-Hoc|x86
		AppStore|Any CPU = AppStore|Any CPU
		AppStore|ARM = AppStore|ARM
		AppStore|iPhone = AppStore|iPhone
		AppStore|iPhoneSimulator = AppStore|iPhoneSimulator
		AppStore|x64 = AppStore|x64
		AppStore|x86 = AppStore|x86
		Debug|Any CPU = Debug|Any CPU
		Debug|ARM = Debug|ARM
		Debug|iPhone = Debug|iPhone
		Debug|iPhoneSimulator = Debug|iPhoneSimulator
		Debug|x64 = Debug|x64
		Debug|x86 = Debug|x86
		Release|Any CPU = Release|Any CPU
		Release|ARM = Release|ARM
		Release|iPhone = Release|iPhone
		Release|iPhoneSimulator = Release|iPhoneSimulator
		Release|x64 = Release|x64
		Release|x86 = Release|x86
	EndGlobalSection
	GlobalSection(ProjectConfigurationPlatforms) = postSolution
		{540D0242-DF75-4687-8DEE-DD9D44911B7C}.Ad-Hoc|Any CPU.ActiveCfg = Release|Any CPU
		{540D0242-DF75-4687-8DEE-DD9D44911B7C}.Ad-Hoc|Any CPU.Build.0 = Release|Any CPU
		{540D0242-DF75-4687-8DEE-DD9D44911B7C}.Ad-Hoc|Any CPU.Deploy.0 = Release|Any CPU
		{540D0242-DF75-4687-8DEE-DD9D44911B7C}.Ad-Hoc|ARM.ActiveCfg = Release|Any CPU
		{540D0242-DF75-4687-8DEE-DD9D44911B7C}.Ad-Hoc|ARM.Build.0 = Release|Any CPU
		{540D0242-DF75-4687-8DEE-DD9D44911B7C}.Ad-Hoc|ARM.Deploy.0 = Release|Any CPU
		{540D0242-DF75-4687-8DEE-DD9D44911B7C}.Ad-Hoc|iPhone.ActiveCfg = Release|Any CPU
		{540D0242-DF75-4687-8DEE-DD9D44911B7C}.Ad-Hoc|iPhone.Build.0 = Release|Any CPU
		{540D0242-DF75-4687-8DEE-DD9D44911B7C}.Ad-Hoc|iPhone.Deploy.0 = Release|Any CPU
		{540D0242-DF75-4687-8DEE-DD9D44911B7C}.Ad-Hoc|iPhoneSimulator.ActiveCfg = Release|Any CPU
		{540D0242-DF75-4687-8DEE-DD9D44911B7C}.Ad-Hoc|iPhoneSimulator.Build.0 = Release|Any CPU
		{540D0242-DF75-4687-8DEE-DD9D44911B7C}.Ad-Hoc|iPhoneSimulator.Deploy.0 = Release|Any CPU
		{540D0242-DF75-4687-8DEE-DD9D44911B7C}.Ad-Hoc|x64.ActiveCfg = Release|Any CPU
		{540D0242-DF75-4687-8DEE-DD9D44911B7C}.Ad-Hoc|x64.Build.0 = Release|Any CPU
		{540D0242-DF75-4687-8DEE-DD9D44911B7C}.Ad-Hoc|x64.Deploy.0 = Release|Any CPU
		{540D0242-DF75-4687-8DEE-DD9D44911B7C}.Ad-Hoc|x86.ActiveCfg = Release|Any CPU
		{540D0242-DF75-4687-8DEE-DD9D44911B7C}.Ad-Hoc|x86.Build.0 = Release|Any CPU
		{540D0242-DF75-4687-8DEE-DD9D44911B7C}.Ad-Hoc|x86.Deploy.0 = Release|Any CPU
		{540D0242-DF75-4687-8DEE-DD9D44911B7C}.AppStore|Any CPU.ActiveCfg = Release|Any CPU
		{540D0242-DF75-4687-8DEE-DD9D44911B7C}.AppStore|Any CPU.Build.0 = Release|Any CPU
		{540D0242-DF75-4687-8DEE-DD9D44911B7C}.AppStore|Any CPU.Deploy.0 = Release|Any CPU
		{540D0242-DF75-4687-8DEE-DD9D44911B7C}.AppStore|ARM.ActiveCfg = Release|Any CPU
		{540D0242-DF75-4687-8DEE-DD9D44911B7C}.AppStore|ARM.Build.0 = Release|Any CPU
		{540D0242-DF75-4687-8DEE-DD9D44911B7C}.AppStore|ARM.Deploy.0 = Release|Any CPU
		{540D0242-DF75-4687-8DEE-DD9D44911B7C}.AppStore|iPhone.ActiveCfg = Release|Any CPU
		{540D0242-DF75-4687-8DEE-DD9D44911B7C}.AppStore|iPhone.Build.0 = Release|Any CPU
		{540D0242-DF75-4687-8DEE-DD9D44911B7C}.AppStore|iPhone.Deploy.0 = Release|Any CPU
		{540D0242-DF75-4687-8DEE-DD9D44911B7C}.AppStore|iPhoneSimulator.ActiveCfg = Release|Any CPU
		{540D0242-DF75-4687-8DEE-DD9D44911B7C}.AppStore|iPhoneSimulator.Build.0 = Release|Any CPU
		{540D0242-DF75-4687-8DEE-DD9D44911B7C}.AppStore|iPhoneSimulator.Deploy.0 = Release|Any CPU
		{540D0242-DF75-4687-8DEE-DD9D44911B7C}.AppStore|x64.ActiveCfg = Release|Any CPU
		{540D0242-DF75-4687-8DEE-DD9D44911B7C}.AppStore|x64.Build.0 = Release|Any CPU
		{540D0242-DF75-4687-8DEE-DD9D44911B7C}.AppStore|x64.Deploy.0 = Release|Any CPU
		{540D0242-DF75-4687-8DEE-DD9D44911B7C}.AppStore|x86.ActiveCfg = Release|Any CPU
		{540D0242-DF75-4687-8DEE-DD9D44911B7C}.AppStore|x86.Build.0 = Release|Any CPU
		{540D0242-DF75-4687-8DEE-DD9D44911B7C}.AppStore|x86.Deploy.0 = Release|Any CPU
		{540D0242-DF75-4687-8DEE-DD9D44911B7C}.Debug|Any CPU.ActiveCfg = Debug|Any CPU
		{540D0242-DF75-4687-8DEE-DD9D44911B7C}.Debug|Any CPU.Build.0 = Debug|Any CPU
		{540D0242-DF75-4687-8DEE-DD9D44911B7C}.Debug|Any CPU.Deploy.0 = Debug|Any CPU
		{540D0242-DF75-4687-8DEE-DD9D44911B7C}.Debug|ARM.ActiveCfg = Debug|Any CPU
		{540D0242-DF75-4687-8DEE-DD9D44911B7C}.Debug|ARM.Build.0 = Debug|Any CPU
		{540D0242-DF75-4687-8DEE-DD9D44911B7C}.Debug|ARM.Deploy.0 = Debug|Any CPU
		{540D0242-DF75-4687-8DEE-DD9D44911B7C}.Debug|iPhone.ActiveCfg = Debug|Any CPU
		{540D0242-DF75-4687-8DEE-DD9D44911B7C}.Debug|iPhone.Build.0 = Debug|Any CPU
		{540D0242-DF75-4687-8DEE-DD9D44911B7C}.Debug|iPhone.Deploy.0 = Debug|Any CPU
		{540D0242-DF75-4687-8DEE-DD9D44911B7C}.Debug|iPhoneSimulator.ActiveCfg = Debug|Any CPU
		{540D0242-DF75-4687-8DEE-DD9D44911B7C}.Debug|iPhoneSimulator.Build.0 = Debug|Any CPU
		{540D0242-DF75-4687-8DEE-DD9D44911B7C}.Debug|iPhoneSimulator.Deploy.0 = Debug|Any CPU
		{540D0242-DF75-4687-8DEE-DD9D44911B7C}.Debug|x64.ActiveCfg = Debug|Any CPU
		{540D0242-DF75-4687-8DEE-DD9D44911B7C}.Debug|x64.Build.0 = Debug|Any CPU
		{540D0242-DF75-4687-8DEE-DD9D44911B7C}.Debug|x64.Deploy.0 = Debug|Any CPU
		{540D0242-DF75-4687-8DEE-DD9D44911B7C}.Debug|x86.ActiveCfg = Debug|Any CPU
		{540D0242-DF75-4687-8DEE-DD9D44911B7C}.Debug|x86.Build.0 = Debug|Any CPU
		{540D0242-DF75-4687-8DEE-DD9D44911B7C}.Debug|x86.Deploy.0 = Debug|Any CPU
		{540D0242-DF75-4687-8DEE-DD9D44911B7C}.Release|Any CPU.ActiveCfg = Release|Any CPU
		{540D0242-DF75-4687-8DEE-DD9D44911B7C}.Release|Any CPU.Build.0 = Release|Any CPU
		{540D0242-DF75-4687-8DEE-DD9D44911B7C}.Release|Any CPU.Deploy.0 = Release|Any CPU
		{540D0242-DF75-4687-8DEE-DD9D44911B7C}.Release|ARM.ActiveCfg = Release|Any CPU
		{540D0242-DF75-4687-8DEE-DD9D44911B7C}.Release|ARM.Build.0 = Release|Any CPU
		{540D0242-DF75-4687-8DEE-DD9D44911B7C}.Release|ARM.Deploy.0 = Release|Any CPU
		{540D0242-DF75-4687-8DEE-DD9D44911B7C}.Release|iPhone.ActiveCfg = Release|Any CPU
		{540D0242-DF75-4687-8DEE-DD9D44911B7C}.Release|iPhone.Build.0 = Release|Any CPU
		{540D0242-DF75-4687-8DEE-DD9D44911B7C}.Release|iPhone.Deploy.0 = Release|Any CPU
		{540D0242-DF75-4687-8DEE-DD9D44911B7C}.Release|iPhoneSimulator.ActiveCfg = Release|Any CPU
		{540D0242-DF75-4687-8DEE-DD9D44911B7C}.Release|iPhoneSimulator.Build.0 = Release|Any CPU
		{540D0242-DF75-4687-8DEE-DD9D44911B7C}.Release|iPhoneSimulator.Deploy.0 = Release|Any CPU
		{540D0242-DF75-4687-8DEE-DD9D44911B7C}.Release|x64.ActiveCfg = Release|Any CPU
		{540D0242-DF75-4687-8DEE-DD9D44911B7C}.Release|x64.Build.0 = Release|Any CPU
		{540D0242-DF75-4687-8DEE-DD9D44911B7C}.Release|x64.Deploy.0 = Release|Any CPU
		{540D0242-DF75-4687-8DEE-DD9D44911B7C}.Release|x86.ActiveCfg = Release|Any CPU
		{540D0242-DF75-4687-8DEE-DD9D44911B7C}.Release|x86.Build.0 = Release|Any CPU
		{540D0242-DF75-4687-8DEE-DD9D44911B7C}.Release|x86.Deploy.0 = Release|Any CPU
		{041D4BF4-041E-4A50-ADB5-2B8686959000}.Ad-Hoc|Any CPU.ActiveCfg = Release|Any CPU
		{041D4BF4-041E-4A50-ADB5-2B8686959000}.Ad-Hoc|Any CPU.Build.0 = Release|Any CPU
		{041D4BF4-041E-4A50-ADB5-2B8686959000}.Ad-Hoc|ARM.ActiveCfg = Release|Any CPU
		{041D4BF4-041E-4A50-ADB5-2B8686959000}.Ad-Hoc|ARM.Build.0 = Release|Any CPU
		{041D4BF4-041E-4A50-ADB5-2B8686959000}.Ad-Hoc|iPhone.ActiveCfg = Release|Any CPU
		{041D4BF4-041E-4A50-ADB5-2B8686959000}.Ad-Hoc|iPhone.Build.0 = Release|Any CPU
		{041D4BF4-041E-4A50-ADB5-2B8686959000}.Ad-Hoc|iPhoneSimulator.ActiveCfg = Release|Any CPU
		{041D4BF4-041E-4A50-ADB5-2B8686959000}.Ad-Hoc|iPhoneSimulator.Build.0 = Release|Any CPU
		{041D4BF4-041E-4A50-ADB5-2B8686959000}.Ad-Hoc|x64.ActiveCfg = Release|Any CPU
		{041D4BF4-041E-4A50-ADB5-2B8686959000}.Ad-Hoc|x64.Build.0 = Release|Any CPU
		{041D4BF4-041E-4A50-ADB5-2B8686959000}.Ad-Hoc|x86.ActiveCfg = Release|Any CPU
		{041D4BF4-041E-4A50-ADB5-2B8686959000}.Ad-Hoc|x86.Build.0 = Release|Any CPU
		{041D4BF4-041E-4A50-ADB5-2B8686959000}.AppStore|Any CPU.ActiveCfg = Release|Any CPU
		{041D4BF4-041E-4A50-ADB5-2B8686959000}.AppStore|Any CPU.Build.0 = Release|Any CPU
		{041D4BF4-041E-4A50-ADB5-2B8686959000}.AppStore|ARM.ActiveCfg = Release|Any CPU
		{041D4BF4-041E-4A50-ADB5-2B8686959000}.AppStore|ARM.Build.0 = Release|Any CPU
		{041D4BF4-041E-4A50-ADB5-2B8686959000}.AppStore|iPhone.ActiveCfg = Release|Any CPU
		{041D4BF4-041E-4A50-ADB5-2B8686959000}.AppStore|iPhone.Build.0 = Release|Any CPU
		{041D4BF4-041E-4A50-ADB5-2B8686959000}.AppStore|iPhoneSimulator.ActiveCfg = Release|Any CPU
		{041D4BF4-041E-4A50-ADB5-2B8686959000}.AppStore|iPhoneSimulator.Build.0 = Release|Any CPU
		{041D4BF4-041E-4A50-ADB5-2B8686959000}.AppStore|x64.ActiveCfg = Release|Any CPU
		{041D4BF4-041E-4A50-ADB5-2B8686959000}.AppStore|x64.Build.0 = Release|Any CPU
		{041D4BF4-041E-4A50-ADB5-2B8686959000}.AppStore|x86.ActiveCfg = Release|Any CPU
		{041D4BF4-041E-4A50-ADB5-2B8686959000}.AppStore|x86.Build.0 = Release|Any CPU
		{041D4BF4-041E-4A50-ADB5-2B8686959000}.Debug|Any CPU.ActiveCfg = Debug|Any CPU
		{041D4BF4-041E-4A50-ADB5-2B8686959000}.Debug|Any CPU.Build.0 = Debug|Any CPU
		{041D4BF4-041E-4A50-ADB5-2B8686959000}.Debug|ARM.ActiveCfg = Debug|Any CPU
		{041D4BF4-041E-4A50-ADB5-2B8686959000}.Debug|ARM.Build.0 = Debug|Any CPU
		{041D4BF4-041E-4A50-ADB5-2B8686959000}.Debug|iPhone.ActiveCfg = Debug|Any CPU
		{041D4BF4-041E-4A50-ADB5-2B8686959000}.Debug|iPhone.Build.0 = Debug|Any CPU
		{041D4BF4-041E-4A50-ADB5-2B8686959000}.Debug|iPhoneSimulator.ActiveCfg = Debug|Any CPU
		{041D4BF4-041E-4A50-ADB5-2B8686959000}.Debug|iPhoneSimulator.Build.0 = Debug|Any CPU
		{041D4BF4-041E-4A50-ADB5-2B8686959000}.Debug|x64.ActiveCfg = Debug|Any CPU
		{041D4BF4-041E-4A50-ADB5-2B8686959000}.Debug|x64.Build.0 = Debug|Any CPU
		{041D4BF4-041E-4A50-ADB5-2B8686959000}.Debug|x86.ActiveCfg = Debug|Any CPU
		{041D4BF4-041E-4A50-ADB5-2B8686959000}.Debug|x86.Build.0 = Debug|Any CPU
		{041D4BF4-041E-4A50-ADB5-2B8686959000}.Release|Any CPU.ActiveCfg = Release|Any CPU
		{041D4BF4-041E-4A50-ADB5-2B8686959000}.Release|Any CPU.Build.0 = Release|Any CPU
		{041D4BF4-041E-4A50-ADB5-2B8686959000}.Release|ARM.ActiveCfg = Release|Any CPU
		{041D4BF4-041E-4A50-ADB5-2B8686959000}.Release|ARM.Build.0 = Release|Any CPU
		{041D4BF4-041E-4A50-ADB5-2B8686959000}.Release|iPhone.ActiveCfg = Release|Any CPU
		{041D4BF4-041E-4A50-ADB5-2B8686959000}.Release|iPhone.Build.0 = Release|Any CPU
		{041D4BF4-041E-4A50-ADB5-2B8686959000}.Release|iPhoneSimulator.ActiveCfg = Release|Any CPU
		{041D4BF4-041E-4A50-ADB5-2B8686959000}.Release|iPhoneSimulator.Build.0 = Release|Any CPU
		{041D4BF4-041E-4A50-ADB5-2B8686959000}.Release|x64.ActiveCfg = Release|Any CPU
		{041D4BF4-041E-4A50-ADB5-2B8686959000}.Release|x64.Build.0 = Release|Any CPU
		{041D4BF4-041E-4A50-ADB5-2B8686959000}.Release|x86.ActiveCfg = Release|Any CPU
		{041D4BF4-041E-4A50-ADB5-2B8686959000}.Release|x86.Build.0 = Release|Any CPU
		{F55A5414-F0FA-454D-8325-78E2F18F00FD}.Ad-Hoc|Any CPU.ActiveCfg = Release|x86
		{F55A5414-F0FA-454D-8325-78E2F18F00FD}.Ad-Hoc|Any CPU.Build.0 = Release|x86
		{F55A5414-F0FA-454D-8325-78E2F18F00FD}.Ad-Hoc|Any CPU.Deploy.0 = Release|x86
		{F55A5414-F0FA-454D-8325-78E2F18F00FD}.Ad-Hoc|ARM.ActiveCfg = Release|ARM
		{F55A5414-F0FA-454D-8325-78E2F18F00FD}.Ad-Hoc|ARM.Build.0 = Release|ARM
		{F55A5414-F0FA-454D-8325-78E2F18F00FD}.Ad-Hoc|ARM.Deploy.0 = Release|ARM
		{F55A5414-F0FA-454D-8325-78E2F18F00FD}.Ad-Hoc|iPhone.ActiveCfg = Release|x86
		{F55A5414-F0FA-454D-8325-78E2F18F00FD}.Ad-Hoc|iPhone.Build.0 = Release|x86
		{F55A5414-F0FA-454D-8325-78E2F18F00FD}.Ad-Hoc|iPhone.Deploy.0 = Release|x86
		{F55A5414-F0FA-454D-8325-78E2F18F00FD}.Ad-Hoc|iPhoneSimulator.ActiveCfg = Release|x86
		{F55A5414-F0FA-454D-8325-78E2F18F00FD}.Ad-Hoc|iPhoneSimulator.Build.0 = Release|x86
		{F55A5414-F0FA-454D-8325-78E2F18F00FD}.Ad-Hoc|iPhoneSimulator.Deploy.0 = Release|x86
		{F55A5414-F0FA-454D-8325-78E2F18F00FD}.Ad-Hoc|x64.ActiveCfg = Release|x64
		{F55A5414-F0FA-454D-8325-78E2F18F00FD}.Ad-Hoc|x64.Build.0 = Release|x64
		{F55A5414-F0FA-454D-8325-78E2F18F00FD}.Ad-Hoc|x64.Deploy.0 = Release|x64
		{F55A5414-F0FA-454D-8325-78E2F18F00FD}.Ad-Hoc|x86.ActiveCfg = Release|x86
		{F55A5414-F0FA-454D-8325-78E2F18F00FD}.Ad-Hoc|x86.Build.0 = Release|x86
		{F55A5414-F0FA-454D-8325-78E2F18F00FD}.Ad-Hoc|x86.Deploy.0 = Release|x86
		{F55A5414-F0FA-454D-8325-78E2F18F00FD}.AppStore|Any CPU.ActiveCfg = Release|x86
		{F55A5414-F0FA-454D-8325-78E2F18F00FD}.AppStore|Any CPU.Build.0 = Release|x86
		{F55A5414-F0FA-454D-8325-78E2F18F00FD}.AppStore|Any CPU.Deploy.0 = Release|x86
		{F55A5414-F0FA-454D-8325-78E2F18F00FD}.AppStore|ARM.ActiveCfg = Release|ARM
		{F55A5414-F0FA-454D-8325-78E2F18F00FD}.AppStore|ARM.Build.0 = Release|ARM
		{F55A5414-F0FA-454D-8325-78E2F18F00FD}.AppStore|ARM.Deploy.0 = Release|ARM
		{F55A5414-F0FA-454D-8325-78E2F18F00FD}.AppStore|iPhone.ActiveCfg = Release|x86
		{F55A5414-F0FA-454D-8325-78E2F18F00FD}.AppStore|iPhone.Build.0 = Release|x86
		{F55A5414-F0FA-454D-8325-78E2F18F00FD}.AppStore|iPhone.Deploy.0 = Release|x86
		{F55A5414-F0FA-454D-8325-78E2F18F00FD}.AppStore|iPhoneSimulator.ActiveCfg = Release|x86
		{F55A5414-F0FA-454D-8325-78E2F18F00FD}.AppStore|iPhoneSimulator.Build.0 = Release|x86
		{F55A5414-F0FA-454D-8325-78E2F18F00FD}.AppStore|iPhoneSimulator.Deploy.0 = Release|x86
		{F55A5414-F0FA-454D-8325-78E2F18F00FD}.AppStore|x64.ActiveCfg = Release|x64
		{F55A5414-F0FA-454D-8325-78E2F18F00FD}.AppStore|x64.Build.0 = Release|x64
		{F55A5414-F0FA-454D-8325-78E2F18F00FD}.AppStore|x64.Deploy.0 = Release|x64
		{F55A5414-F0FA-454D-8325-78E2F18F00FD}.AppStore|x86.ActiveCfg = Release|x86
		{F55A5414-F0FA-454D-8325-78E2F18F00FD}.AppStore|x86.Build.0 = Release|x86
		{F55A5414-F0FA-454D-8325-78E2F18F00FD}.AppStore|x86.Deploy.0 = Release|x86
		{F55A5414-F0FA-454D-8325-78E2F18F00FD}.Debug|Any CPU.ActiveCfg = Debug|x86
		{F55A5414-F0FA-454D-8325-78E2F18F00FD}.Debug|ARM.ActiveCfg = Debug|ARM
		{F55A5414-F0FA-454D-8325-78E2F18F00FD}.Debug|ARM.Build.0 = Debug|ARM
		{F55A5414-F0FA-454D-8325-78E2F18F00FD}.Debug|ARM.Deploy.0 = Debug|ARM
		{F55A5414-F0FA-454D-8325-78E2F18F00FD}.Debug|iPhone.ActiveCfg = Debug|x86
		{F55A5414-F0FA-454D-8325-78E2F18F00FD}.Debug|iPhoneSimulator.ActiveCfg = Debug|x86
		{F55A5414-F0FA-454D-8325-78E2F18F00FD}.Debug|x64.ActiveCfg = Debug|x64
		{F55A5414-F0FA-454D-8325-78E2F18F00FD}.Debug|x64.Build.0 = Debug|x64
		{F55A5414-F0FA-454D-8325-78E2F18F00FD}.Debug|x64.Deploy.0 = Debug|x64
		{F55A5414-F0FA-454D-8325-78E2F18F00FD}.Debug|x86.ActiveCfg = Debug|x86
		{F55A5414-F0FA-454D-8325-78E2F18F00FD}.Debug|x86.Build.0 = Debug|x86
		{F55A5414-F0FA-454D-8325-78E2F18F00FD}.Debug|x86.Deploy.0 = Debug|x86
		{F55A5414-F0FA-454D-8325-78E2F18F00FD}.Release|Any CPU.ActiveCfg = Release|x86
		{F55A5414-F0FA-454D-8325-78E2F18F00FD}.Release|ARM.ActiveCfg = Release|ARM
		{F55A5414-F0FA-454D-8325-78E2F18F00FD}.Release|ARM.Build.0 = Release|ARM
		{F55A5414-F0FA-454D-8325-78E2F18F00FD}.Release|ARM.Deploy.0 = Release|ARM
		{F55A5414-F0FA-454D-8325-78E2F18F00FD}.Release|iPhone.ActiveCfg = Release|x86
		{F55A5414-F0FA-454D-8325-78E2F18F00FD}.Release|iPhoneSimulator.ActiveCfg = Release|x86
		{F55A5414-F0FA-454D-8325-78E2F18F00FD}.Release|x64.ActiveCfg = Release|x64
		{F55A5414-F0FA-454D-8325-78E2F18F00FD}.Release|x64.Build.0 = Release|x64
		{F55A5414-F0FA-454D-8325-78E2F18F00FD}.Release|x64.Deploy.0 = Release|x64
		{F55A5414-F0FA-454D-8325-78E2F18F00FD}.Release|x86.ActiveCfg = Release|x86
		{F55A5414-F0FA-454D-8325-78E2F18F00FD}.Release|x86.Build.0 = Release|x86
		{F55A5414-F0FA-454D-8325-78E2F18F00FD}.Release|x86.Deploy.0 = Release|x86
		{AF2DC996-74ED-42D9-B5CE-5915975DBC77}.Ad-Hoc|Any CPU.ActiveCfg = Ad-Hoc|iPhone
		{AF2DC996-74ED-42D9-B5CE-5915975DBC77}.Ad-Hoc|ARM.ActiveCfg = Ad-Hoc|iPhone
		{AF2DC996-74ED-42D9-B5CE-5915975DBC77}.Ad-Hoc|iPhone.ActiveCfg = Ad-Hoc|iPhone
		{AF2DC996-74ED-42D9-B5CE-5915975DBC77}.Ad-Hoc|iPhone.Build.0 = Ad-Hoc|iPhone
		{AF2DC996-74ED-42D9-B5CE-5915975DBC77}.Ad-Hoc|iPhoneSimulator.ActiveCfg = Ad-Hoc|iPhoneSimulator
		{AF2DC996-74ED-42D9-B5CE-5915975DBC77}.Ad-Hoc|iPhoneSimulator.Build.0 = Ad-Hoc|iPhoneSimulator
		{AF2DC996-74ED-42D9-B5CE-5915975DBC77}.Ad-Hoc|x64.ActiveCfg = Ad-Hoc|iPhone
		{AF2DC996-74ED-42D9-B5CE-5915975DBC77}.Ad-Hoc|x86.ActiveCfg = Ad-Hoc|iPhone
		{AF2DC996-74ED-42D9-B5CE-5915975DBC77}.AppStore|Any CPU.ActiveCfg = AppStore|iPhone
		{AF2DC996-74ED-42D9-B5CE-5915975DBC77}.AppStore|ARM.ActiveCfg = AppStore|iPhone
		{AF2DC996-74ED-42D9-B5CE-5915975DBC77}.AppStore|iPhone.ActiveCfg = AppStore|iPhone
		{AF2DC996-74ED-42D9-B5CE-5915975DBC77}.AppStore|iPhone.Build.0 = AppStore|iPhone
		{AF2DC996-74ED-42D9-B5CE-5915975DBC77}.AppStore|iPhoneSimulator.ActiveCfg = AppStore|iPhoneSimulator
		{AF2DC996-74ED-42D9-B5CE-5915975DBC77}.AppStore|iPhoneSimulator.Build.0 = AppStore|iPhoneSimulator
		{AF2DC996-74ED-42D9-B5CE-5915975DBC77}.AppStore|x64.ActiveCfg = AppStore|iPhone
		{AF2DC996-74ED-42D9-B5CE-5915975DBC77}.AppStore|x86.ActiveCfg = AppStore|iPhone
		{AF2DC996-74ED-42D9-B5CE-5915975DBC77}.Debug|Any CPU.ActiveCfg = Debug|iPhone
		{AF2DC996-74ED-42D9-B5CE-5915975DBC77}.Debug|ARM.ActiveCfg = Debug|iPhone
		{AF2DC996-74ED-42D9-B5CE-5915975DBC77}.Debug|iPhone.ActiveCfg = Debug|iPhone
		{AF2DC996-74ED-42D9-B5CE-5915975DBC77}.Debug|iPhone.Build.0 = Debug|iPhone
		{AF2DC996-74ED-42D9-B5CE-5915975DBC77}.Debug|iPhoneSimulator.ActiveCfg = Debug|iPhoneSimulator
		{AF2DC996-74ED-42D9-B5CE-5915975DBC77}.Debug|iPhoneSimulator.Build.0 = Debug|iPhoneSimulator
		{AF2DC996-74ED-42D9-B5CE-5915975DBC77}.Debug|x64.ActiveCfg = Debug|iPhone
		{AF2DC996-74ED-42D9-B5CE-5915975DBC77}.Debug|x86.ActiveCfg = Debug|iPhone
		{AF2DC996-74ED-42D9-B5CE-5915975DBC77}.Release|Any CPU.ActiveCfg = Release|iPhone
		{AF2DC996-74ED-42D9-B5CE-5915975DBC77}.Release|ARM.ActiveCfg = Release|iPhone
		{AF2DC996-74ED-42D9-B5CE-5915975DBC77}.Release|iPhone.ActiveCfg = Release|iPhone
		{AF2DC996-74ED-42D9-B5CE-5915975DBC77}.Release|iPhone.Build.0 = Release|iPhone
		{AF2DC996-74ED-42D9-B5CE-5915975DBC77}.Release|iPhoneSimulator.ActiveCfg = Release|iPhoneSimulator
		{AF2DC996-74ED-42D9-B5CE-5915975DBC77}.Release|iPhoneSimulator.Build.0 = Release|iPhoneSimulator
		{AF2DC996-74ED-42D9-B5CE-5915975DBC77}.Release|x64.ActiveCfg = Release|iPhone
		{AF2DC996-74ED-42D9-B5CE-5915975DBC77}.Release|x86.ActiveCfg = Release|iPhone
		{67F9D3A8-F71E-4428-913F-C37AE82CDB24}.Ad-Hoc|Any CPU.ActiveCfg = Release|Any CPU
		{67F9D3A8-F71E-4428-913F-C37AE82CDB24}.Ad-Hoc|Any CPU.Build.0 = Release|Any CPU
		{67F9D3A8-F71E-4428-913F-C37AE82CDB24}.Ad-Hoc|ARM.ActiveCfg = Release|Any CPU
		{67F9D3A8-F71E-4428-913F-C37AE82CDB24}.Ad-Hoc|ARM.Build.0 = Release|Any CPU
		{67F9D3A8-F71E-4428-913F-C37AE82CDB24}.Ad-Hoc|iPhone.ActiveCfg = Release|Any CPU
		{67F9D3A8-F71E-4428-913F-C37AE82CDB24}.Ad-Hoc|iPhone.Build.0 = Release|Any CPU
		{67F9D3A8-F71E-4428-913F-C37AE82CDB24}.Ad-Hoc|iPhoneSimulator.ActiveCfg = Release|Any CPU
		{67F9D3A8-F71E-4428-913F-C37AE82CDB24}.Ad-Hoc|iPhoneSimulator.Build.0 = Release|Any CPU
		{67F9D3A8-F71E-4428-913F-C37AE82CDB24}.Ad-Hoc|x64.ActiveCfg = Release|Any CPU
		{67F9D3A8-F71E-4428-913F-C37AE82CDB24}.Ad-Hoc|x64.Build.0 = Release|Any CPU
		{67F9D3A8-F71E-4428-913F-C37AE82CDB24}.Ad-Hoc|x86.ActiveCfg = Release|Any CPU
		{67F9D3A8-F71E-4428-913F-C37AE82CDB24}.Ad-Hoc|x86.Build.0 = Release|Any CPU
		{67F9D3A8-F71E-4428-913F-C37AE82CDB24}.AppStore|Any CPU.ActiveCfg = Release|Any CPU
		{67F9D3A8-F71E-4428-913F-C37AE82CDB24}.AppStore|Any CPU.Build.0 = Release|Any CPU
		{67F9D3A8-F71E-4428-913F-C37AE82CDB24}.AppStore|ARM.ActiveCfg = Release|Any CPU
		{67F9D3A8-F71E-4428-913F-C37AE82CDB24}.AppStore|ARM.Build.0 = Release|Any CPU
		{67F9D3A8-F71E-4428-913F-C37AE82CDB24}.AppStore|iPhone.ActiveCfg = Release|Any CPU
		{67F9D3A8-F71E-4428-913F-C37AE82CDB24}.AppStore|iPhone.Build.0 = Release|Any CPU
		{67F9D3A8-F71E-4428-913F-C37AE82CDB24}.AppStore|iPhoneSimulator.ActiveCfg = Release|Any CPU
		{67F9D3A8-F71E-4428-913F-C37AE82CDB24}.AppStore|iPhoneSimulator.Build.0 = Release|Any CPU
		{67F9D3A8-F71E-4428-913F-C37AE82CDB24}.AppStore|x64.ActiveCfg = Release|Any CPU
		{67F9D3A8-F71E-4428-913F-C37AE82CDB24}.AppStore|x64.Build.0 = Release|Any CPU
		{67F9D3A8-F71E-4428-913F-C37AE82CDB24}.AppStore|x86.ActiveCfg = Release|Any CPU
		{67F9D3A8-F71E-4428-913F-C37AE82CDB24}.AppStore|x86.Build.0 = Release|Any CPU
		{67F9D3A8-F71E-4428-913F-C37AE82CDB24}.Debug|Any CPU.ActiveCfg = Debug|Any CPU
		{67F9D3A8-F71E-4428-913F-C37AE82CDB24}.Debug|Any CPU.Build.0 = Debug|Any CPU
		{67F9D3A8-F71E-4428-913F-C37AE82CDB24}.Debug|ARM.ActiveCfg = Debug|Any CPU
		{67F9D3A8-F71E-4428-913F-C37AE82CDB24}.Debug|ARM.Build.0 = Debug|Any CPU
		{67F9D3A8-F71E-4428-913F-C37AE82CDB24}.Debug|iPhone.ActiveCfg = Debug|Any CPU
		{67F9D3A8-F71E-4428-913F-C37AE82CDB24}.Debug|iPhone.Build.0 = Debug|Any CPU
		{67F9D3A8-F71E-4428-913F-C37AE82CDB24}.Debug|iPhoneSimulator.ActiveCfg = Debug|Any CPU
		{67F9D3A8-F71E-4428-913F-C37AE82CDB24}.Debug|iPhoneSimulator.Build.0 = Debug|Any CPU
		{67F9D3A8-F71E-4428-913F-C37AE82CDB24}.Debug|x64.ActiveCfg = Debug|Any CPU
		{67F9D3A8-F71E-4428-913F-C37AE82CDB24}.Debug|x64.Build.0 = Debug|Any CPU
		{67F9D3A8-F71E-4428-913F-C37AE82CDB24}.Debug|x86.ActiveCfg = Debug|Any CPU
		{67F9D3A8-F71E-4428-913F-C37AE82CDB24}.Debug|x86.Build.0 = Debug|Any CPU
		{67F9D3A8-F71E-4428-913F-C37AE82CDB24}.Release|Any CPU.ActiveCfg = Release|Any CPU
		{67F9D3A8-F71E-4428-913F-C37AE82CDB24}.Release|Any CPU.Build.0 = Release|Any CPU
		{67F9D3A8-F71E-4428-913F-C37AE82CDB24}.Release|ARM.ActiveCfg = Release|Any CPU
		{67F9D3A8-F71E-4428-913F-C37AE82CDB24}.Release|ARM.Build.0 = Release|Any CPU
		{67F9D3A8-F71E-4428-913F-C37AE82CDB24}.Release|iPhone.ActiveCfg = Release|Any CPU
		{67F9D3A8-F71E-4428-913F-C37AE82CDB24}.Release|iPhone.Build.0 = Release|Any CPU
		{67F9D3A8-F71E-4428-913F-C37AE82CDB24}.Release|iPhoneSimulator.ActiveCfg = Release|Any CPU
		{67F9D3A8-F71E-4428-913F-C37AE82CDB24}.Release|iPhoneSimulator.Build.0 = Release|Any CPU
		{67F9D3A8-F71E-4428-913F-C37AE82CDB24}.Release|x64.ActiveCfg = Release|Any CPU
		{67F9D3A8-F71E-4428-913F-C37AE82CDB24}.Release|x64.Build.0 = Release|Any CPU
		{67F9D3A8-F71E-4428-913F-C37AE82CDB24}.Release|x86.ActiveCfg = Release|Any CPU
		{67F9D3A8-F71E-4428-913F-C37AE82CDB24}.Release|x86.Build.0 = Release|Any CPU
		{1F429535-8ECD-41DA-88B0-CC65D30AE009}.Ad-Hoc|Any CPU.ActiveCfg = Release|Any CPU
		{1F429535-8ECD-41DA-88B0-CC65D30AE009}.Ad-Hoc|Any CPU.Build.0 = Release|Any CPU
		{1F429535-8ECD-41DA-88B0-CC65D30AE009}.Ad-Hoc|ARM.ActiveCfg = Release|Any CPU
		{1F429535-8ECD-41DA-88B0-CC65D30AE009}.Ad-Hoc|ARM.Build.0 = Release|Any CPU
		{1F429535-8ECD-41DA-88B0-CC65D30AE009}.Ad-Hoc|iPhone.ActiveCfg = Release|Any CPU
		{1F429535-8ECD-41DA-88B0-CC65D30AE009}.Ad-Hoc|iPhone.Build.0 = Release|Any CPU
		{1F429535-8ECD-41DA-88B0-CC65D30AE009}.Ad-Hoc|iPhoneSimulator.ActiveCfg = Release|Any CPU
		{1F429535-8ECD-41DA-88B0-CC65D30AE009}.Ad-Hoc|iPhoneSimulator.Build.0 = Release|Any CPU
		{1F429535-8ECD-41DA-88B0-CC65D30AE009}.Ad-Hoc|x64.ActiveCfg = Release|Any CPU
		{1F429535-8ECD-41DA-88B0-CC65D30AE009}.Ad-Hoc|x64.Build.0 = Release|Any CPU
		{1F429535-8ECD-41DA-88B0-CC65D30AE009}.Ad-Hoc|x86.ActiveCfg = Release|Any CPU
		{1F429535-8ECD-41DA-88B0-CC65D30AE009}.Ad-Hoc|x86.Build.0 = Release|Any CPU
		{1F429535-8ECD-41DA-88B0-CC65D30AE009}.AppStore|Any CPU.ActiveCfg = Release|Any CPU
		{1F429535-8ECD-41DA-88B0-CC65D30AE009}.AppStore|Any CPU.Build.0 = Release|Any CPU
		{1F429535-8ECD-41DA-88B0-CC65D30AE009}.AppStore|ARM.ActiveCfg = Release|Any CPU
		{1F429535-8ECD-41DA-88B0-CC65D30AE009}.AppStore|ARM.Build.0 = Release|Any CPU
		{1F429535-8ECD-41DA-88B0-CC65D30AE009}.AppStore|iPhone.ActiveCfg = Release|Any CPU
		{1F429535-8ECD-41DA-88B0-CC65D30AE009}.AppStore|iPhone.Build.0 = Release|Any CPU
		{1F429535-8ECD-41DA-88B0-CC65D30AE009}.AppStore|iPhoneSimulator.ActiveCfg = Release|Any CPU
		{1F429535-8ECD-41DA-88B0-CC65D30AE009}.AppStore|iPhoneSimulator.Build.0 = Release|Any CPU
		{1F429535-8ECD-41DA-88B0-CC65D30AE009}.AppStore|x64.ActiveCfg = Release|Any CPU
		{1F429535-8ECD-41DA-88B0-CC65D30AE009}.AppStore|x64.Build.0 = Release|Any CPU
		{1F429535-8ECD-41DA-88B0-CC65D30AE009}.AppStore|x86.ActiveCfg = Release|Any CPU
		{1F429535-8ECD-41DA-88B0-CC65D30AE009}.AppStore|x86.Build.0 = Release|Any CPU
		{1F429535-8ECD-41DA-88B0-CC65D30AE009}.Debug|Any CPU.ActiveCfg = Debug|Any CPU
		{1F429535-8ECD-41DA-88B0-CC65D30AE009}.Debug|Any CPU.Build.0 = Debug|Any CPU
		{1F429535-8ECD-41DA-88B0-CC65D30AE009}.Debug|ARM.ActiveCfg = Debug|Any CPU
		{1F429535-8ECD-41DA-88B0-CC65D30AE009}.Debug|ARM.Build.0 = Debug|Any CPU
		{1F429535-8ECD-41DA-88B0-CC65D30AE009}.Debug|iPhone.ActiveCfg = Debug|Any CPU
		{1F429535-8ECD-41DA-88B0-CC65D30AE009}.Debug|iPhone.Build.0 = Debug|Any CPU
		{1F429535-8ECD-41DA-88B0-CC65D30AE009}.Debug|iPhoneSimulator.ActiveCfg = Debug|Any CPU
		{1F429535-8ECD-41DA-88B0-CC65D30AE009}.Debug|iPhoneSimulator.Build.0 = Debug|Any CPU
		{1F429535-8ECD-41DA-88B0-CC65D30AE009}.Debug|x64.ActiveCfg = Debug|Any CPU
		{1F429535-8ECD-41DA-88B0-CC65D30AE009}.Debug|x64.Build.0 = Debug|Any CPU
		{1F429535-8ECD-41DA-88B0-CC65D30AE009}.Debug|x86.ActiveCfg = Debug|Any CPU
		{1F429535-8ECD-41DA-88B0-CC65D30AE009}.Debug|x86.Build.0 = Debug|Any CPU
		{1F429535-8ECD-41DA-88B0-CC65D30AE009}.Release|Any CPU.ActiveCfg = Release|Any CPU
		{1F429535-8ECD-41DA-88B0-CC65D30AE009}.Release|Any CPU.Build.0 = Release|Any CPU
		{1F429535-8ECD-41DA-88B0-CC65D30AE009}.Release|ARM.ActiveCfg = Release|Any CPU
		{1F429535-8ECD-41DA-88B0-CC65D30AE009}.Release|ARM.Build.0 = Release|Any CPU
		{1F429535-8ECD-41DA-88B0-CC65D30AE009}.Release|iPhone.ActiveCfg = Release|Any CPU
		{1F429535-8ECD-41DA-88B0-CC65D30AE009}.Release|iPhone.Build.0 = Release|Any CPU
		{1F429535-8ECD-41DA-88B0-CC65D30AE009}.Release|iPhoneSimulator.ActiveCfg = Release|Any CPU
		{1F429535-8ECD-41DA-88B0-CC65D30AE009}.Release|iPhoneSimulator.Build.0 = Release|Any CPU
		{1F429535-8ECD-41DA-88B0-CC65D30AE009}.Release|x64.ActiveCfg = Release|Any CPU
		{1F429535-8ECD-41DA-88B0-CC65D30AE009}.Release|x64.Build.0 = Release|Any CPU
		{1F429535-8ECD-41DA-88B0-CC65D30AE009}.Release|x86.ActiveCfg = Release|Any CPU
		{1F429535-8ECD-41DA-88B0-CC65D30AE009}.Release|x86.Build.0 = Release|Any CPU
		{CAF66375-FF4B-42E7-8125-9A31092C20D3}.Ad-Hoc|Any CPU.ActiveCfg = Release|Any CPU
		{CAF66375-FF4B-42E7-8125-9A31092C20D3}.Ad-Hoc|Any CPU.Build.0 = Release|Any CPU
		{CAF66375-FF4B-42E7-8125-9A31092C20D3}.Ad-Hoc|ARM.ActiveCfg = Release|Any CPU
		{CAF66375-FF4B-42E7-8125-9A31092C20D3}.Ad-Hoc|ARM.Build.0 = Release|Any CPU
		{CAF66375-FF4B-42E7-8125-9A31092C20D3}.Ad-Hoc|iPhone.ActiveCfg = Release|Any CPU
		{CAF66375-FF4B-42E7-8125-9A31092C20D3}.Ad-Hoc|iPhone.Build.0 = Release|Any CPU
		{CAF66375-FF4B-42E7-8125-9A31092C20D3}.Ad-Hoc|iPhoneSimulator.ActiveCfg = Release|Any CPU
		{CAF66375-FF4B-42E7-8125-9A31092C20D3}.Ad-Hoc|iPhoneSimulator.Build.0 = Release|Any CPU
		{CAF66375-FF4B-42E7-8125-9A31092C20D3}.Ad-Hoc|x64.ActiveCfg = Release|Any CPU
		{CAF66375-FF4B-42E7-8125-9A31092C20D3}.Ad-Hoc|x64.Build.0 = Release|Any CPU
		{CAF66375-FF4B-42E7-8125-9A31092C20D3}.Ad-Hoc|x86.ActiveCfg = Release|Any CPU
		{CAF66375-FF4B-42E7-8125-9A31092C20D3}.Ad-Hoc|x86.Build.0 = Release|Any CPU
		{CAF66375-FF4B-42E7-8125-9A31092C20D3}.AppStore|Any CPU.ActiveCfg = Release|Any CPU
		{CAF66375-FF4B-42E7-8125-9A31092C20D3}.AppStore|Any CPU.Build.0 = Release|Any CPU
		{CAF66375-FF4B-42E7-8125-9A31092C20D3}.AppStore|ARM.ActiveCfg = Release|Any CPU
		{CAF66375-FF4B-42E7-8125-9A31092C20D3}.AppStore|ARM.Build.0 = Release|Any CPU
		{CAF66375-FF4B-42E7-8125-9A31092C20D3}.AppStore|iPhone.ActiveCfg = Release|Any CPU
		{CAF66375-FF4B-42E7-8125-9A31092C20D3}.AppStore|iPhone.Build.0 = Release|Any CPU
		{CAF66375-FF4B-42E7-8125-9A31092C20D3}.AppStore|iPhoneSimulator.ActiveCfg = Release|Any CPU
		{CAF66375-FF4B-42E7-8125-9A31092C20D3}.AppStore|iPhoneSimulator.Build.0 = Release|Any CPU
		{CAF66375-FF4B-42E7-8125-9A31092C20D3}.AppStore|x64.ActiveCfg = Release|Any CPU
		{CAF66375-FF4B-42E7-8125-9A31092C20D3}.AppStore|x64.Build.0 = Release|Any CPU
		{CAF66375-FF4B-42E7-8125-9A31092C20D3}.AppStore|x86.ActiveCfg = Release|Any CPU
		{CAF66375-FF4B-42E7-8125-9A31092C20D3}.AppStore|x86.Build.0 = Release|Any CPU
		{CAF66375-FF4B-42E7-8125-9A31092C20D3}.Debug|Any CPU.ActiveCfg = Debug|Any CPU
		{CAF66375-FF4B-42E7-8125-9A31092C20D3}.Debug|Any CPU.Build.0 = Debug|Any CPU
		{CAF66375-FF4B-42E7-8125-9A31092C20D3}.Debug|ARM.ActiveCfg = Debug|Any CPU
		{CAF66375-FF4B-42E7-8125-9A31092C20D3}.Debug|ARM.Build.0 = Debug|Any CPU
		{CAF66375-FF4B-42E7-8125-9A31092C20D3}.Debug|iPhone.ActiveCfg = Debug|Any CPU
		{CAF66375-FF4B-42E7-8125-9A31092C20D3}.Debug|iPhone.Build.0 = Debug|Any CPU
		{CAF66375-FF4B-42E7-8125-9A31092C20D3}.Debug|iPhoneSimulator.ActiveCfg = Debug|Any CPU
		{CAF66375-FF4B-42E7-8125-9A31092C20D3}.Debug|iPhoneSimulator.Build.0 = Debug|Any CPU
		{CAF66375-FF4B-42E7-8125-9A31092C20D3}.Debug|x64.ActiveCfg = Debug|Any CPU
		{CAF66375-FF4B-42E7-8125-9A31092C20D3}.Debug|x64.Build.0 = Debug|Any CPU
		{CAF66375-FF4B-42E7-8125-9A31092C20D3}.Debug|x86.ActiveCfg = Debug|Any CPU
		{CAF66375-FF4B-42E7-8125-9A31092C20D3}.Debug|x86.Build.0 = Debug|Any CPU
		{CAF66375-FF4B-42E7-8125-9A31092C20D3}.Release|Any CPU.ActiveCfg = Release|Any CPU
		{CAF66375-FF4B-42E7-8125-9A31092C20D3}.Release|Any CPU.Build.0 = Release|Any CPU
		{CAF66375-FF4B-42E7-8125-9A31092C20D3}.Release|ARM.ActiveCfg = Release|Any CPU
		{CAF66375-FF4B-42E7-8125-9A31092C20D3}.Release|ARM.Build.0 = Release|Any CPU
		{CAF66375-FF4B-42E7-8125-9A31092C20D3}.Release|iPhone.ActiveCfg = Release|Any CPU
		{CAF66375-FF4B-42E7-8125-9A31092C20D3}.Release|iPhone.Build.0 = Release|Any CPU
		{CAF66375-FF4B-42E7-8125-9A31092C20D3}.Release|iPhoneSimulator.ActiveCfg = Release|Any CPU
		{CAF66375-FF4B-42E7-8125-9A31092C20D3}.Release|iPhoneSimulator.Build.0 = Release|Any CPU
		{CAF66375-FF4B-42E7-8125-9A31092C20D3}.Release|x64.ActiveCfg = Release|Any CPU
		{CAF66375-FF4B-42E7-8125-9A31092C20D3}.Release|x64.Build.0 = Release|Any CPU
		{CAF66375-FF4B-42E7-8125-9A31092C20D3}.Release|x86.ActiveCfg = Release|Any CPU
		{CAF66375-FF4B-42E7-8125-9A31092C20D3}.Release|x86.Build.0 = Release|Any CPU
	EndGlobalSection
	GlobalSection(SolutionProperties) = preSolution
		HideSolutionNode = FALSE
	EndGlobalSection
EndGlobal
